
Microsoft Visual Studio Solution File, Format Version 12.00
# Visual Studio Version 17
VisualStudioVersion = 17.5.33414.496
MinimumVisualStudioVersion = 10.0.40219.1
Project("{FAE04EC0-301F-11D3-BF4B-00C04F79EFBC}") = "AlgorithmPrograms", "AlgorithmPrograms.csproj", "{AA3348A4-1B71-4C95-AB64-FD662B918CCA}"
EndProject
Global
	GlobalSection(SolutionConfigurationPlatforms) = preSolution
		Debug|Any CPU = Debug|Any CPU
		Release|Any CPU = Release|Any CPU
	EndGlobalSection
	GlobalSection(ProjectConfigurationPlatforms) = postSolution
		{AA3348A4-1B71-4C95-AB64-FD662B918CCA}.Debug|Any CPU.ActiveCfg = Debug|Any CPU
		{AA3348A4-1B71-4C95-AB64-FD662B918CCA}.Debug|Any CPU.Build.0 = Debug|Any CPU
		{AA3348A4-1B71-4C95-AB64-FD662B918CCA}.Release|Any CPU.ActiveCfg = Release|Any CPU
		{AA3348A4-1B71-4C95-AB64-FD662B918CCA}.Release|Any CPU.Build.0 = Release|Any CPU
	EndGlobalSection
	GlobalSection(SolutionProperties) = preSolution
		HideSolutionNode = FALSE
	EndGlobalSection
	GlobalSection(ExtensibilityGlobals) = postSolution
		SolutionGuid = {D545A8A3-6C49-416F-A504-2B43A8270D4E}
	EndGlobalSection
EndGlobal
